<?xml version="1.0" encoding="utf-8"?>
<Project ToolsVersion="4.0" xmlns="http://schemas.microsoft.com/developer/msbuild/2003">
  <ItemGroup>
    <Filter Include="Shaders">
      <UniqueIdentifier>{d1b64f7e-5d37-40a6-96ea-59e732168558}</UniqueIdentifier>
    </Filter>
    <Filter Include="Core">
      <UniqueIdentifier>{ab1706e5-648a-42ad-90ac-e1de7b5dbe73}</UniqueIdentifier>
    </Filter>
    <Filter Include="Mesh">
      <UniqueIdentifier>{9c45ce2e-e72a-42cb-9b1e-ed4d28ab729a}</UniqueIdentifier>
    </Filter>
    <Filter Include="Textures">
      <UniqueIdentifier>{35a4bfc1-f2dc-4a05-8a86-240a6ac216bc}</UniqueIdentifier>
    </Filter>
    <Filter Include="Util">
      <UniqueIdentifier>{2178fd75-2853-4b1e-8a05-32605adce9fd}</UniqueIdentifier>
    </Filter>
  </ItemGroup>
  <ItemGroup>
    <ClInclude Include="..\Precomp.h" />
    <ClInclude Include="..\Core\RenderingContext.h">
      <Filter>Core</Filter>
    </ClInclude>
    <ClInclude Include="..\Util\Log.h">
      <Filter>Util</Filter>
    </ClInclude>
    <ClInclude Include="..\Util\Error.h">
      <Filter>Util</Filter>
    </ClInclude>
  </ItemGroup>
  <ItemGroup>
    <ClCompile Include="..\Precomp.cpp" />
    <ClCompile Include="..\Core\RenderingContext.cpp">
      <Filter>Core</Filter>
    </ClCompile>
    <ClCompile Include="..\Util\Log.cpp">
      <Filter>Util</Filter>
    </ClCompile>
  </ItemGroup>
</Project>